// !$*UTF8*$!
{
	archiveVersion = 1;
	classes = {
	};
	objectVersion = 51;
	objects = {

/* Begin PBXBuildFile section */
		6B1949F22306DD4A0036E437 /* AppDelegate.swift in Sources */ = {isa = PBXBuildFile; fileRef = 6B1949F12306DD4A0036E437 /* AppDelegate.swift */; };
		6B1949F42306DD4A0036E437 /* ViewController.swift in Sources */ = {isa = PBXBuildFile; fileRef = 6B1949F32306DD4A0036E437 /* ViewController.swift */; };
		6B1949F72306DD4A0036E437 /* Main.storyboard in Resources */ = {isa = PBXBuildFile; fileRef = 6B1949F52306DD4A0036E437 /* Main.storyboard */; };
		6B1949FA2306DD4A0036E437 /* iTunesSearch.xcdatamodeld in Sources */ = {isa = PBXBuildFile; fileRef = 6B1949F82306DD4A0036E437 /* iTunesSearch.xcdatamodeld */; };
		6B1949FC2306DD4B0036E437 /* Assets.xcassets in Resources */ = {isa = PBXBuildFile; fileRef = 6B1949FB2306DD4B0036E437 /* Assets.xcassets */; };
		6B1949FF2306DD4B0036E437 /* LaunchScreen.storyboard in Resources */ = {isa = PBXBuildFile; fileRef = 6B1949FD2306DD4B0036E437 /* LaunchScreen.storyboard */; };
		6B194A0A2306DD4B0036E437 /* iTunesSearchTests.swift in Sources */ = {isa = PBXBuildFile; fileRef = 6B194A092306DD4B0036E437 /* iTunesSearchTests.swift */; };
		6B194A152306DD4C0036E437 /* iTunesSearchUITests.swift in Sources */ = {isa = PBXBuildFile; fileRef = 6B194A142306DD4C0036E437 /* iTunesSearchUITests.swift */; };
		6B194A432306DF4C0036E437 /* APIClient.swift in Sources */ = {isa = PBXBuildFile; fileRef = 6B194A232306DF4C0036E437 /* APIClient.swift */; };
		6B194A542306DF4C0036E437 /* HTTPMethod.swift in Sources */ = {isa = PBXBuildFile; fileRef = 6B194A362306DF4C0036E437 /* HTTPMethod.swift */; };
		6B194A552306DF4C0036E437 /* APIManager.swift in Sources */ = {isa = PBXBuildFile; fileRef = 6B194A382306DF4C0036E437 /* APIManager.swift */; };
		6B194A562306DF4C0036E437 /* BaseAPIManagerProtocol.swift in Sources */ = {isa = PBXBuildFile; fileRef = 6B194A392306DF4C0036E437 /* BaseAPIManagerProtocol.swift */; };
		6B194A572306DF4C0036E437 /* AuthManager.swift in Sources */ = {isa = PBXBuildFile; fileRef = 6B194A3A2306DF4C0036E437 /* AuthManager.swift */; };
		6B194A582306DF4C0036E437 /* URLSessionProtocol.swift in Sources */ = {isa = PBXBuildFile; fileRef = 6B194A3B2306DF4C0036E437 /* URLSessionProtocol.swift */; };
		6B194A592306DF4C0036E437 /* Request.swift in Sources */ = {isa = PBXBuildFile; fileRef = 6B194A3C2306DF4C0036E437 /* Request.swift */; };
		6B194A5A2306DF4C0036E437 /* ArticlesEndpoint.swift in Sources */ = {isa = PBXBuildFile; fileRef = 6B194A3E2306DF4C0036E437 /* ArticlesEndpoint.swift */; };
		6B194A5B2306DF4C0036E437 /* AuthEndpoint.swift in Sources */ = {isa = PBXBuildFile; fileRef = 6B194A3F2306DF4C0036E437 /* AuthEndpoint.swift */; };
		6B194A5C2306DF4C0036E437 /* Endpoint.swift in Sources */ = {isa = PBXBuildFile; fileRef = 6B194A402306DF4C0036E437 /* Endpoint.swift */; };
		6B194A5D2306DF4C0036E437 /* APIConfig.swift in Sources */ = {isa = PBXBuildFile; fileRef = 6B194A412306DF4C0036E437 /* APIConfig.swift */; };
		6B194A5E2306DF4C0036E437 /* URLSessionDataTaskProtocol.swift in Sources */ = {isa = PBXBuildFile; fileRef = 6B194A422306DF4C0036E437 /* URLSessionDataTaskProtocol.swift */; };
		6B194A702306E1640036E437 /* Differentiator.framework in Frameworks */ = {isa = PBXBuildFile; fileRef = 6B194A652306E1640036E437 /* Differentiator.framework */; };
		6B194A712306E1640036E437 /* RxRelay.framework in Frameworks */ = {isa = PBXBuildFile; fileRef = 6B194A662306E1640036E437 /* RxRelay.framework */; };
		6B194A722306E1640036E437 /* SnapKit.framework in Frameworks */ = {isa = PBXBuildFile; fileRef = 6B194A672306E1640036E437 /* SnapKit.framework */; };
		6B194A732306E1640036E437 /* RxDataSources.framework in Frameworks */ = {isa = PBXBuildFile; fileRef = 6B194A682306E1640036E437 /* RxDataSources.framework */; };
		6B194A752306E1640036E437 /* RxCocoa.framework in Frameworks */ = {isa = PBXBuildFile; fileRef = 6B194A6A2306E1640036E437 /* RxCocoa.framework */; };
		6B194A762306E1640036E437 /* IQKeyboardManagerSwift.framework in Frameworks */ = {isa = PBXBuildFile; fileRef = 6B194A6B2306E1640036E437 /* IQKeyboardManagerSwift.framework */; };
		6B194A772306E1640036E437 /* Kingfisher.framework in Frameworks */ = {isa = PBXBuildFile; fileRef = 6B194A6C2306E1640036E437 /* Kingfisher.framework */; };
		6B194A792306E1640036E437 /* RxSwift.framework in Frameworks */ = {isa = PBXBuildFile; fileRef = 6B194A6E2306E1640036E437 /* RxSwift.framework */; };
		6B194A7B2306E2330036E437 /* ResponseInfo.swift in Sources */ = {isa = PBXBuildFile; fileRef = 6B194A7A2306E2330036E437 /* ResponseInfo.swift */; };
		6B194A812306E66F0036E437 /* HomeViewController.swift in Sources */ = {isa = PBXBuildFile; fileRef = 6B194A7F2306E66F0036E437 /* HomeViewController.swift */; };
		6B194A822306E66F0036E437 /* HomeViewController.xib in Resources */ = {isa = PBXBuildFile; fileRef = 6B194A802306E66F0036E437 /* HomeViewController.xib */; };
		6B194A852306E6D70036E437 /* UIViewController+Nib.swift in Sources */ = {isa = PBXBuildFile; fileRef = 6B194A842306E6D70036E437 /* UIViewController+Nib.swift */; };
		6B194A892306F1E70036E437 /* LargeMediaItemCollectionViewCell.swift in Sources */ = {isa = PBXBuildFile; fileRef = 6B194A872306F1E70036E437 /* LargeMediaItemCollectionViewCell.swift */; };
		6B194A8A2306F1E70036E437 /* LargeMediaItemCollectionViewCell.xib in Resources */ = {isa = PBXBuildFile; fileRef = 6B194A882306F1E70036E437 /* LargeMediaItemCollectionViewCell.xib */; };
		6B194A912306F55B0036E437 /* SmallMediaItemCollectionViewCell.swift in Sources */ = {isa = PBXBuildFile; fileRef = 6B194A8F2306F55B0036E437 /* SmallMediaItemCollectionViewCell.swift */; };
		6B194A922306F55B0036E437 /* SmallMediaItemCollectionViewCell.xib in Resources */ = {isa = PBXBuildFile; fileRef = 6B194A902306F55B0036E437 /* SmallMediaItemCollectionViewCell.xib */; };
		6B194A942306F70E0036E437 /* MediaItem.swift in Sources */ = {isa = PBXBuildFile; fileRef = 6B194A932306F70E0036E437 /* MediaItem.swift */; };
		6B194A962306F8950036E437 /* SearchResponse.swift in Sources */ = {isa = PBXBuildFile; fileRef = 6B194A952306F8950036E437 /* SearchResponse.swift */; };
		6B194A982306F9C80036E437 /* AppCoordinator.swift in Sources */ = {isa = PBXBuildFile; fileRef = 6B194A972306F9C80036E437 /* AppCoordinator.swift */; };
		6B194A9A2306FA5C0036E437 /* Coordinator.swift in Sources */ = {isa = PBXBuildFile; fileRef = 6B194A992306FA5C0036E437 /* Coordinator.swift */; };
		6B194A9C2306FB040036E437 /* SearchCoordinator.swift in Sources */ = {isa = PBXBuildFile; fileRef = 6B194A9B2306FB040036E437 /* SearchCoordinator.swift */; };
		6B194A9F2306FB370036E437 /* ViewControllerFactory.swift in Sources */ = {isa = PBXBuildFile; fileRef = 6B194A9E2306FB370036E437 /* ViewControllerFactory.swift */; };
/* End PBXBuildFile section */

/* Begin PBXContainerItemProxy section */
		6B194A062306DD4B0036E437 /* PBXContainerItemProxy */ = {
			isa = PBXContainerItemProxy;
			containerPortal = 6B1949E62306DD4A0036E437 /* Project object */;
			proxyType = 1;
			remoteGlobalIDString = 6B1949ED2306DD4A0036E437;
			remoteInfo = iTunesSearch;
		};
		6B194A112306DD4C0036E437 /* PBXContainerItemProxy */ = {
			isa = PBXContainerItemProxy;
			containerPortal = 6B1949E62306DD4A0036E437 /* Project object */;
			proxyType = 1;
			remoteGlobalIDString = 6B1949ED2306DD4A0036E437;
			remoteInfo = iTunesSearch;
		};
/* End PBXContainerItemProxy section */

/* Begin PBXFileReference section */
		6B1949EE2306DD4A0036E437 /* iTunesSearch.app */ = {isa = PBXFileReference; explicitFileType = wrapper.application; includeInIndex = 0; path = iTunesSearch.app; sourceTree = BUILT_PRODUCTS_DIR; };
		6B1949F12306DD4A0036E437 /* AppDelegate.swift */ = {isa = PBXFileReference; lastKnownFileType = sourcecode.swift; path = AppDelegate.swift; sourceTree = "<group>"; };
		6B1949F32306DD4A0036E437 /* ViewController.swift */ = {isa = PBXFileReference; lastKnownFileType = sourcecode.swift; path = ViewController.swift; sourceTree = "<group>"; };
		6B1949F62306DD4A0036E437 /* Base */ = {isa = PBXFileReference; lastKnownFileType = file.storyboard; name = Base; path = Base.lproj/Main.storyboard; sourceTree = "<group>"; };
		6B1949F92306DD4A0036E437 /* iTunesSearch.xcdatamodel */ = {isa = PBXFileReference; lastKnownFileType = wrapper.xcdatamodel; path = iTunesSearch.xcdatamodel; sourceTree = "<group>"; };
		6B1949FB2306DD4B0036E437 /* Assets.xcassets */ = {isa = PBXFileReference; lastKnownFileType = folder.assetcatalog; path = Assets.xcassets; sourceTree = "<group>"; };
		6B1949FE2306DD4B0036E437 /* Base */ = {isa = PBXFileReference; lastKnownFileType = file.storyboard; name = Base; path = Base.lproj/LaunchScreen.storyboard; sourceTree = "<group>"; };
		6B194A002306DD4B0036E437 /* Info.plist */ = {isa = PBXFileReference; lastKnownFileType = text.plist.xml; path = Info.plist; sourceTree = "<group>"; };
		6B194A052306DD4B0036E437 /* iTunesSearchTests.xctest */ = {isa = PBXFileReference; explicitFileType = wrapper.cfbundle; includeInIndex = 0; path = iTunesSearchTests.xctest; sourceTree = BUILT_PRODUCTS_DIR; };
		6B194A092306DD4B0036E437 /* iTunesSearchTests.swift */ = {isa = PBXFileReference; lastKnownFileType = sourcecode.swift; path = iTunesSearchTests.swift; sourceTree = "<group>"; };
		6B194A0B2306DD4B0036E437 /* Info.plist */ = {isa = PBXFileReference; lastKnownFileType = text.plist.xml; path = Info.plist; sourceTree = "<group>"; };
		6B194A102306DD4C0036E437 /* iTunesSearchUITests.xctest */ = {isa = PBXFileReference; explicitFileType = wrapper.cfbundle; includeInIndex = 0; path = iTunesSearchUITests.xctest; sourceTree = BUILT_PRODUCTS_DIR; };
		6B194A142306DD4C0036E437 /* iTunesSearchUITests.swift */ = {isa = PBXFileReference; lastKnownFileType = sourcecode.swift; path = iTunesSearchUITests.swift; sourceTree = "<group>"; };
		6B194A162306DD4C0036E437 /* Info.plist */ = {isa = PBXFileReference; lastKnownFileType = text.plist.xml; path = Info.plist; sourceTree = "<group>"; };
		6B194A232306DF4C0036E437 /* APIClient.swift */ = {isa = PBXFileReference; fileEncoding = 4; lastKnownFileType = sourcecode.swift; path = APIClient.swift; sourceTree = "<group>"; };
		6B194A362306DF4C0036E437 /* HTTPMethod.swift */ = {isa = PBXFileReference; fileEncoding = 4; lastKnownFileType = sourcecode.swift; path = HTTPMethod.swift; sourceTree = "<group>"; };
		6B194A382306DF4C0036E437 /* APIManager.swift */ = {isa = PBXFileReference; fileEncoding = 4; lastKnownFileType = sourcecode.swift; path = APIManager.swift; sourceTree = "<group>"; };
		6B194A392306DF4C0036E437 /* BaseAPIManagerProtocol.swift */ = {isa = PBXFileReference; fileEncoding = 4; lastKnownFileType = sourcecode.swift; path = BaseAPIManagerProtocol.swift; sourceTree = "<group>"; };
		6B194A3A2306DF4C0036E437 /* AuthManager.swift */ = {isa = PBXFileReference; fileEncoding = 4; lastKnownFileType = sourcecode.swift; path = AuthManager.swift; sourceTree = "<group>"; };
		6B194A3B2306DF4C0036E437 /* URLSessionProtocol.swift */ = {isa = PBXFileReference; fileEncoding = 4; lastKnownFileType = sourcecode.swift; path = URLSessionProtocol.swift; sourceTree = "<group>"; };
		6B194A3C2306DF4C0036E437 /* Request.swift */ = {isa = PBXFileReference; fileEncoding = 4; lastKnownFileType = sourcecode.swift; path = Request.swift; sourceTree = "<group>"; };
		6B194A3E2306DF4C0036E437 /* ArticlesEndpoint.swift */ = {isa = PBXFileReference; fileEncoding = 4; lastKnownFileType = sourcecode.swift; path = ArticlesEndpoint.swift; sourceTree = "<group>"; };
		6B194A3F2306DF4C0036E437 /* AuthEndpoint.swift */ = {isa = PBXFileReference; fileEncoding = 4; lastKnownFileType = sourcecode.swift; path = AuthEndpoint.swift; sourceTree = "<group>"; };
		6B194A402306DF4C0036E437 /* Endpoint.swift */ = {isa = PBXFileReference; fileEncoding = 4; lastKnownFileType = sourcecode.swift; path = Endpoint.swift; sourceTree = "<group>"; };
		6B194A412306DF4C0036E437 /* APIConfig.swift */ = {isa = PBXFileReference; fileEncoding = 4; lastKnownFileType = sourcecode.swift; path = APIConfig.swift; sourceTree = "<group>"; };
		6B194A422306DF4C0036E437 /* URLSessionDataTaskProtocol.swift */ = {isa = PBXFileReference; fileEncoding = 4; lastKnownFileType = sourcecode.swift; path = URLSessionDataTaskProtocol.swift; sourceTree = "<group>"; };
		6B194A5F2306DFF20036E437 /* input.xcfilelist */ = {isa = PBXFileReference; lastKnownFileType = text.xcfilelist; path = input.xcfilelist; sourceTree = "<group>"; };
		6B194A602306E0110036E437 /* output.xcfilelist */ = {isa = PBXFileReference; lastKnownFileType = text.xcfilelist; path = output.xcfilelist; sourceTree = "<group>"; };
		6B194A642306E1640036E437 /* RxTest.framework */ = {isa = PBXFileReference; lastKnownFileType = wrapper.framework; name = RxTest.framework; path = Carthage/Build/iOS/RxTest.framework; sourceTree = "<group>"; };
		6B194A652306E1640036E437 /* Differentiator.framework */ = {isa = PBXFileReference; lastKnownFileType = wrapper.framework; name = Differentiator.framework; path = Carthage/Build/iOS/Differentiator.framework; sourceTree = "<group>"; };
		6B194A662306E1640036E437 /* RxRelay.framework */ = {isa = PBXFileReference; lastKnownFileType = wrapper.framework; name = RxRelay.framework; path = Carthage/Build/iOS/RxRelay.framework; sourceTree = "<group>"; };
		6B194A672306E1640036E437 /* SnapKit.framework */ = {isa = PBXFileReference; lastKnownFileType = wrapper.framework; name = SnapKit.framework; path = Carthage/Build/iOS/SnapKit.framework; sourceTree = "<group>"; };
		6B194A682306E1640036E437 /* RxDataSources.framework */ = {isa = PBXFileReference; lastKnownFileType = wrapper.framework; name = RxDataSources.framework; path = Carthage/Build/iOS/RxDataSources.framework; sourceTree = "<group>"; };
		6B194A692306E1640036E437 /* RxBlocking.framework */ = {isa = PBXFileReference; lastKnownFileType = wrapper.framework; name = RxBlocking.framework; path = Carthage/Build/iOS/RxBlocking.framework; sourceTree = "<group>"; };
		6B194A6A2306E1640036E437 /* RxCocoa.framework */ = {isa = PBXFileReference; lastKnownFileType = wrapper.framework; name = RxCocoa.framework; path = Carthage/Build/iOS/RxCocoa.framework; sourceTree = "<group>"; };
		6B194A6B2306E1640036E437 /* IQKeyboardManagerSwift.framework */ = {isa = PBXFileReference; lastKnownFileType = wrapper.framework; name = IQKeyboardManagerSwift.framework; path = Carthage/Build/iOS/IQKeyboardManagerSwift.framework; sourceTree = "<group>"; };
		6B194A6C2306E1640036E437 /* Kingfisher.framework */ = {isa = PBXFileReference; lastKnownFileType = wrapper.framework; name = Kingfisher.framework; path = Carthage/Build/iOS/Kingfisher.framework; sourceTree = "<group>"; };
		6B194A6E2306E1640036E437 /* RxSwift.framework */ = {isa = PBXFileReference; lastKnownFileType = wrapper.framework; name = RxSwift.framework; path = Carthage/Build/iOS/RxSwift.framework; sourceTree = "<group>"; };
		6B194A7A2306E2330036E437 /* ResponseInfo.swift */ = {isa = PBXFileReference; lastKnownFileType = sourcecode.swift; path = ResponseInfo.swift; sourceTree = "<group>"; };
		6B194A7F2306E66F0036E437 /* HomeViewController.swift */ = {isa = PBXFileReference; lastKnownFileType = sourcecode.swift; path = HomeViewController.swift; sourceTree = "<group>"; };
		6B194A802306E66F0036E437 /* HomeViewController.xib */ = {isa = PBXFileReference; lastKnownFileType = file.xib; path = HomeViewController.xib; sourceTree = "<group>"; };
		6B194A842306E6D70036E437 /* UIViewController+Nib.swift */ = {isa = PBXFileReference; lastKnownFileType = sourcecode.swift; path = "UIViewController+Nib.swift"; sourceTree = "<group>"; };
		6B194A872306F1E70036E437 /* LargeMediaItemCollectionViewCell.swift */ = {isa = PBXFileReference; lastKnownFileType = sourcecode.swift; path = LargeMediaItemCollectionViewCell.swift; sourceTree = "<group>"; };
		6B194A882306F1E70036E437 /* LargeMediaItemCollectionViewCell.xib */ = {isa = PBXFileReference; lastKnownFileType = file.xib; path = LargeMediaItemCollectionViewCell.xib; sourceTree = "<group>"; };
		6B194A8F2306F55B0036E437 /* SmallMediaItemCollectionViewCell.swift */ = {isa = PBXFileReference; lastKnownFileType = sourcecode.swift; path = SmallMediaItemCollectionViewCell.swift; sourceTree = "<group>"; };
		6B194A902306F55B0036E437 /* SmallMediaItemCollectionViewCell.xib */ = {isa = PBXFileReference; lastKnownFileType = file.xib; path = SmallMediaItemCollectionViewCell.xib; sourceTree = "<group>"; };
		6B194A932306F70E0036E437 /* MediaItem.swift */ = {isa = PBXFileReference; lastKnownFileType = sourcecode.swift; path = MediaItem.swift; sourceTree = "<group>"; };
		6B194A952306F8950036E437 /* SearchResponse.swift */ = {isa = PBXFileReference; lastKnownFileType = sourcecode.swift; path = SearchResponse.swift; sourceTree = "<group>"; };
		6B194A972306F9C80036E437 /* AppCoordinator.swift */ = {isa = PBXFileReference; lastKnownFileType = sourcecode.swift; path = AppCoordinator.swift; sourceTree = "<group>"; };
		6B194A992306FA5C0036E437 /* Coordinator.swift */ = {isa = PBXFileReference; lastKnownFileType = sourcecode.swift; path = Coordinator.swift; sourceTree = "<group>"; };
		6B194A9B2306FB040036E437 /* SearchCoordinator.swift */ = {isa = PBXFileReference; lastKnownFileType = sourcecode.swift; path = SearchCoordinator.swift; sourceTree = "<group>"; };
		6B194A9E2306FB370036E437 /* ViewControllerFactory.swift */ = {isa = PBXFileReference; lastKnownFileType = sourcecode.swift; path = ViewControllerFactory.swift; sourceTree = "<group>"; };
/* End PBXFileReference section */

/* Begin PBXFrameworksBuildPhase section */
		6B1949EB2306DD4A0036E437 /* Frameworks */ = {
			isa = PBXFrameworksBuildPhase;
			buildActionMask = 2147483647;
			files = (
				6B194A702306E1640036E437 /* Differentiator.framework in Frameworks */,
				6B194A712306E1640036E437 /* RxRelay.framework in Frameworks */,
				6B194A722306E1640036E437 /* SnapKit.framework in Frameworks */,
				6B194A732306E1640036E437 /* RxDataSources.framework in Frameworks */,
				6B194A752306E1640036E437 /* RxCocoa.framework in Frameworks */,
				6B194A762306E1640036E437 /* IQKeyboardManagerSwift.framework in Frameworks */,
				6B194A772306E1640036E437 /* Kingfisher.framework in Frameworks */,
				6B194A792306E1640036E437 /* RxSwift.framework in Frameworks */,
			);
			runOnlyForDeploymentPostprocessing = 0;
		};
		6B194A022306DD4B0036E437 /* Frameworks */ = {
			isa = PBXFrameworksBuildPhase;
			buildActionMask = 2147483647;
			files = (
			);
			runOnlyForDeploymentPostprocessing = 0;
		};
		6B194A0D2306DD4C0036E437 /* Frameworks */ = {
			isa = PBXFrameworksBuildPhase;
			buildActionMask = 2147483647;
			files = (
			);
			runOnlyForDeploymentPostprocessing = 0;
		};
/* End PBXFrameworksBuildPhase section */

/* Begin PBXGroup section */
		6B1949E52306DD4A0036E437 = {
			isa = PBXGroup;
			children = (
				6B194A5F2306DFF20036E437 /* input.xcfilelist */,
				6B194A602306E0110036E437 /* output.xcfilelist */,
				6B194A632306E1640036E437 /* Frameworks */,
				6B1949F02306DD4A0036E437 /* iTunesSearch */,
				6B194A082306DD4B0036E437 /* iTunesSearchTests */,
				6B194A132306DD4C0036E437 /* iTunesSearchUITests */,
				6B1949EF2306DD4A0036E437 /* Products */,
			);
			sourceTree = "<group>";
		};
		6B1949EF2306DD4A0036E437 /* Products */ = {
			isa = PBXGroup;
			children = (
				6B1949EE2306DD4A0036E437 /* iTunesSearch.app */,
				6B194A052306DD4B0036E437 /* iTunesSearchTests.xctest */,
				6B194A102306DD4C0036E437 /* iTunesSearchUITests.xctest */,
			);
			name = Products;
			sourceTree = "<group>";
		};
		6B1949F02306DD4A0036E437 /* iTunesSearch */ = {
			isa = PBXGroup;
			children = (
				6B194A9D2306FB2D0036E437 /* ViewControllerFactory */,
				6B194A832306E6BE0036E437 /* Extensions */,
				6B194A002306DD4B0036E437 /* Info.plist */,
				6B1949F12306DD4A0036E437 /* AppDelegate.swift */,
				6B1949F32306DD4A0036E437 /* ViewController.swift */,
				6B1949FB2306DD4B0036E437 /* Assets.xcassets */,
				6B194A222306DF4C0036E437 /* API */,
				6B194A7D2306E6170036E437 /* Coordinator */,
				6B1949F82306DD4A0036E437 /* iTunesSearch.xcdatamodeld */,
				6B1949FD2306DD4B0036E437 /* LaunchScreen.storyboard */,
				6B1949F52306DD4A0036E437 /* Main.storyboard */,
				6B194A7C2306E5D40036E437 /* Modules */,
			);
			path = iTunesSearch;
			sourceTree = "<group>";
		};
		6B194A082306DD4B0036E437 /* iTunesSearchTests */ = {
			isa = PBXGroup;
			children = (
				6B194A092306DD4B0036E437 /* iTunesSearchTests.swift */,
				6B194A0B2306DD4B0036E437 /* Info.plist */,
			);
			path = iTunesSearchTests;
			sourceTree = "<group>";
		};
		6B194A132306DD4C0036E437 /* iTunesSearchUITests */ = {
			isa = PBXGroup;
			children = (
				6B194A142306DD4C0036E437 /* iTunesSearchUITests.swift */,
				6B194A162306DD4C0036E437 /* Info.plist */,
			);
			path = iTunesSearchUITests;
			sourceTree = "<group>";
		};
		6B194A222306DF4C0036E437 /* API */ = {
			isa = PBXGroup;
			children = (
				6B194A232306DF4C0036E437 /* APIClient.swift */,
				6B194A412306DF4C0036E437 /* APIConfig.swift */,
				6B194A362306DF4C0036E437 /* HTTPMethod.swift */,
				6B194A3C2306DF4C0036E437 /* Request.swift */,
				6B194A422306DF4C0036E437 /* URLSessionDataTaskProtocol.swift */,
				6B194A3B2306DF4C0036E437 /* URLSessionProtocol.swift */,
				6B194A3D2306DF4C0036E437 /* Endpoint */,
				6B194A372306DF4C0036E437 /* Manager */,
				6B194A242306DF4C0036E437 /* Models */,
			);
			path = API;
			sourceTree = "<group>";
		};
		6B194A242306DF4C0036E437 /* Models */ = {
			isa = PBXGroup;
			children = (
				6B194A262306DF4C0036E437 /* Responses */,
				6B194A932306F70E0036E437 /* MediaItem.swift */,
			);
			path = Models;
			sourceTree = "<group>";
		};
		6B194A262306DF4C0036E437 /* Responses */ = {
			isa = PBXGroup;
			children = (
				6B194A7A2306E2330036E437 /* ResponseInfo.swift */,
				6B194A952306F8950036E437 /* SearchResponse.swift */,
			);
			path = Responses;
			sourceTree = "<group>";
		};
		6B194A372306DF4C0036E437 /* Manager */ = {
			isa = PBXGroup;
			children = (
				6B194A382306DF4C0036E437 /* APIManager.swift */,
				6B194A392306DF4C0036E437 /* BaseAPIManagerProtocol.swift */,
				6B194A3A2306DF4C0036E437 /* AuthManager.swift */,
			);
			path = Manager;
			sourceTree = "<group>";
		};
		6B194A3D2306DF4C0036E437 /* Endpoint */ = {
			isa = PBXGroup;
			children = (
				6B194A3E2306DF4C0036E437 /* ArticlesEndpoint.swift */,
				6B194A3F2306DF4C0036E437 /* AuthEndpoint.swift */,
				6B194A402306DF4C0036E437 /* Endpoint.swift */,
			);
			path = Endpoint;
			sourceTree = "<group>";
		};
		6B194A632306E1640036E437 /* Frameworks */ = {
			isa = PBXGroup;
			children = (
				6B194A652306E1640036E437 /* Differentiator.framework */,
				6B194A6B2306E1640036E437 /* IQKeyboardManagerSwift.framework */,
				6B194A6C2306E1640036E437 /* Kingfisher.framework */,
				6B194A692306E1640036E437 /* RxBlocking.framework */,
				6B194A6A2306E1640036E437 /* RxCocoa.framework */,
				6B194A682306E1640036E437 /* RxDataSources.framework */,
				6B194A662306E1640036E437 /* RxRelay.framework */,
				6B194A6E2306E1640036E437 /* RxSwift.framework */,
				6B194A642306E1640036E437 /* RxTest.framework */,
				6B194A672306E1640036E437 /* SnapKit.framework */,
			);
			name = Frameworks;
			sourceTree = "<group>";
		};
		6B194A7C2306E5D40036E437 /* Modules */ = {
			isa = PBXGroup;
			children = (
				6B194A7E2306E65B0036E437 /* Home */,
			);
			path = Modules;
			sourceTree = "<group>";
		};
		6B194A7D2306E6170036E437 /* Coordinator */ = {
			isa = PBXGroup;
			children = (
				6B194A972306F9C80036E437 /* AppCoordinator.swift */,
				6B194A992306FA5C0036E437 /* Coordinator.swift */,
				6B194A9B2306FB040036E437 /* SearchCoordinator.swift */,
			);
			path = Coordinator;
			sourceTree = "<group>";
		};
		6B194A7E2306E65B0036E437 /* Home */ = {
			isa = PBXGroup;
			children = (
				6B194A862306E9660036E437 /* Cells */,
				6B194A7F2306E66F0036E437 /* HomeViewController.swift */,
				6B194A802306E66F0036E437 /* HomeViewController.xib */,
			);
			path = Home;
			sourceTree = "<group>";
		};
		6B194A832306E6BE0036E437 /* Extensions */ = {
			isa = PBXGroup;
			children = (
				6B194A842306E6D70036E437 /* UIViewController+Nib.swift */,
			);
			path = Extensions;
			sourceTree = "<group>";
		};
		6B194A862306E9660036E437 /* Cells */ = {
			isa = PBXGroup;
			children = (
				6B194A872306F1E70036E437 /* LargeMediaItemCollectionViewCell.swift */,
				6B194A882306F1E70036E437 /* LargeMediaItemCollectionViewCell.xib */,
				6B194A8F2306F55B0036E437 /* SmallMediaItemCollectionViewCell.swift */,
				6B194A902306F55B0036E437 /* SmallMediaItemCollectionViewCell.xib */,
			);
			path = Cells;
			sourceTree = "<group>";
		};
		6B194A9D2306FB2D0036E437 /* ViewControllerFactory */ = {
			isa = PBXGroup;
			children = (
				6B194A9E2306FB370036E437 /* ViewControllerFactory.swift */,
			);
			path = ViewControllerFactory;
			sourceTree = "<group>";
		};
/* End PBXGroup section */

/* Begin PBXNativeTarget section */
		6B1949ED2306DD4A0036E437 /* iTunesSearch */ = {
			isa = PBXNativeTarget;
			buildConfigurationList = 6B194A192306DD4C0036E437 /* Build configuration list for PBXNativeTarget "iTunesSearch" */;
			buildPhases = (
				6B1949EA2306DD4A0036E437 /* Sources */,
				6B1949EB2306DD4A0036E437 /* Frameworks */,
				6B1949EC2306DD4A0036E437 /* Resources */,
				6B194A622306E1000036E437 /* SwiftLint */,
				6B194A612306E0EA0036E437 /* Carthage */,
			);
			buildRules = (
			);
			dependencies = (
			);
			name = iTunesSearch;
			productName = iTunesSearch;
			productReference = 6B1949EE2306DD4A0036E437 /* iTunesSearch.app */;
			productType = "com.apple.product-type.application";
		};
		6B194A042306DD4B0036E437 /* iTunesSearchTests */ = {
			isa = PBXNativeTarget;
			buildConfigurationList = 6B194A1C2306DD4C0036E437 /* Build configuration list for PBXNativeTarget "iTunesSearchTests" */;
			buildPhases = (
				6B194A012306DD4B0036E437 /* Sources */,
				6B194A022306DD4B0036E437 /* Frameworks */,
				6B194A032306DD4B0036E437 /* Resources */,
			);
			buildRules = (
			);
			dependencies = (
				6B194A072306DD4B0036E437 /* PBXTargetDependency */,
			);
			name = iTunesSearchTests;
			productName = iTunesSearchTests;
			productReference = 6B194A052306DD4B0036E437 /* iTunesSearchTests.xctest */;
			productType = "com.apple.product-type.bundle.unit-test";
		};
		6B194A0F2306DD4C0036E437 /* iTunesSearchUITests */ = {
			isa = PBXNativeTarget;
			buildConfigurationList = 6B194A1F2306DD4C0036E437 /* Build configuration list for PBXNativeTarget "iTunesSearchUITests" */;
			buildPhases = (
				6B194A0C2306DD4C0036E437 /* Sources */,
				6B194A0D2306DD4C0036E437 /* Frameworks */,
				6B194A0E2306DD4C0036E437 /* Resources */,
			);
			buildRules = (
			);
			dependencies = (
				6B194A122306DD4C0036E437 /* PBXTargetDependency */,
			);
			name = iTunesSearchUITests;
			productName = iTunesSearchUITests;
			productReference = 6B194A102306DD4C0036E437 /* iTunesSearchUITests.xctest */;
			productType = "com.apple.product-type.bundle.ui-testing";
		};
/* End PBXNativeTarget section */

/* Begin PBXProject section */
		6B1949E62306DD4A0036E437 /* Project object */ = {
			isa = PBXProject;
			attributes = {
				LastSwiftUpdateCheck = 1030;
				LastUpgradeCheck = 1030;
				ORGANIZATIONNAME = "Ron Daryl Magno";
				TargetAttributes = {
					6B1949ED2306DD4A0036E437 = {
						CreatedOnToolsVersion = 10.3;
					};
					6B194A042306DD4B0036E437 = {
						CreatedOnToolsVersion = 10.3;
						TestTargetID = 6B1949ED2306DD4A0036E437;
					};
					6B194A0F2306DD4C0036E437 = {
						CreatedOnToolsVersion = 10.3;
						TestTargetID = 6B1949ED2306DD4A0036E437;
					};
				};
			};
			buildConfigurationList = 6B1949E92306DD4A0036E437 /* Build configuration list for PBXProject "iTunesSearch" */;
			compatibilityVersion = "Xcode 9.3";
			developmentRegion = en;
			hasScannedForEncodings = 0;
			knownRegions = (
				en,
				Base,
			);
			mainGroup = 6B1949E52306DD4A0036E437;
			productRefGroup = 6B1949EF2306DD4A0036E437 /* Products */;
			projectDirPath = "";
			projectRoot = "";
			targets = (
				6B1949ED2306DD4A0036E437 /* iTunesSearch */,
				6B194A042306DD4B0036E437 /* iTunesSearchTests */,
				6B194A0F2306DD4C0036E437 /* iTunesSearchUITests */,
			);
		};
/* End PBXProject section */

/* Begin PBXResourcesBuildPhase section */
		6B1949EC2306DD4A0036E437 /* Resources */ = {
			isa = PBXResourcesBuildPhase;
			buildActionMask = 2147483647;
			files = (
				6B194A922306F55B0036E437 /* SmallMediaItemCollectionViewCell.xib in Resources */,
				6B1949FF2306DD4B0036E437 /* LaunchScreen.storyboard in Resources */,
				6B1949FC2306DD4B0036E437 /* Assets.xcassets in Resources */,
				6B1949F72306DD4A0036E437 /* Main.storyboard in Resources */,
				6B194A8A2306F1E70036E437 /* LargeMediaItemCollectionViewCell.xib in Resources */,
				6B194A822306E66F0036E437 /* HomeViewController.xib in Resources */,
			);
			runOnlyForDeploymentPostprocessing = 0;
		};
		6B194A032306DD4B0036E437 /* Resources */ = {
			isa = PBXResourcesBuildPhase;
			buildActionMask = 2147483647;
			files = (
			);
			runOnlyForDeploymentPostprocessing = 0;
		};
		6B194A0E2306DD4C0036E437 /* Resources */ = {
			isa = PBXResourcesBuildPhase;
			buildActionMask = 2147483647;
			files = (
			);
			runOnlyForDeploymentPostprocessing = 0;
		};
/* End PBXResourcesBuildPhase section */

/* Begin PBXShellScriptBuildPhase section */
		6B194A612306E0EA0036E437 /* Carthage */ = {
			isa = PBXShellScriptBuildPhase;
			buildActionMask = 12;
			files = (
			);
			inputFileListPaths = (
				input.xcfilelist,
			);
			inputPaths = (
			);
			name = Carthage;
			outputFileListPaths = (
				output.xcfilelist,
			);
			outputPaths = (
			);
			runOnlyForDeploymentPostprocessing = 0;
			shellPath = /bin/sh;
			shellScript = "/usr/local/bin/carthage copy-frameworks\n";
		};
		6B194A622306E1000036E437 /* SwiftLint */ = {
			isa = PBXShellScriptBuildPhase;
			buildActionMask = 2147483647;
			files = (
			);
			inputFileListPaths = (
			);
			inputPaths = (
			);
			name = SwiftLint;
			outputFileListPaths = (
			);
			outputPaths = (
			);
			runOnlyForDeploymentPostprocessing = 0;
			shellPath = /bin/sh;
			shellScript = "if which swiftlint >/dev/null; then\n    swiftlint\nelse\n    echo \"warning: SwiftLint not installed, download from https://github.com/realm/SwiftLint\"\nfi\n";
		};
/* End PBXShellScriptBuildPhase section */

/* Begin PBXSourcesBuildPhase section */
		6B1949EA2306DD4A0036E437 /* Sources */ = {
			isa = PBXSourcesBuildPhase;
			buildActionMask = 2147483647;
			files = (
				6B194A5C2306DF4C0036E437 /* Endpoint.swift in Sources */,
				6B194A7B2306E2330036E437 /* ResponseInfo.swift in Sources */,
				6B194A892306F1E70036E437 /* LargeMediaItemCollectionViewCell.swift in Sources */,
				6B194A592306DF4C0036E437 /* Request.swift in Sources */,
				6B194A572306DF4C0036E437 /* AuthManager.swift in Sources */,
				6B194A9F2306FB370036E437 /* ViewControllerFactory.swift in Sources */,
				6B194A5A2306DF4C0036E437 /* ArticlesEndpoint.swift in Sources */,
				6B194A982306F9C80036E437 /* AppCoordinator.swift in Sources */,
				6B194A962306F8950036E437 /* SearchResponse.swift in Sources */,
				6B194A9A2306FA5C0036E437 /* Coordinator.swift in Sources */,
				6B194A812306E66F0036E437 /* HomeViewController.swift in Sources */,
				6B194A542306DF4C0036E437 /* HTTPMethod.swift in Sources */,
				6B194A912306F55B0036E437 /* SmallMediaItemCollectionViewCell.swift in Sources */,
				6B194A582306DF4C0036E437 /* URLSessionProtocol.swift in Sources */,
				6B194A5B2306DF4C0036E437 /* AuthEndpoint.swift in Sources */,
				6B194A552306DF4C0036E437 /* APIManager.swift in Sources */,
				6B194A852306E6D70036E437 /* UIViewController+Nib.swift in Sources */,
				6B194A5D2306DF4C0036E437 /* APIConfig.swift in Sources */,
				6B1949FA2306DD4A0036E437 /* iTunesSearch.xcdatamodeld in Sources */,
				6B194A5E2306DF4C0036E437 /* URLSessionDataTaskProtocol.swift in Sources */,
				6B1949F42306DD4A0036E437 /* ViewController.swift in Sources */,
				6B194A562306DF4C0036E437 /* BaseAPIManagerProtocol.swift in Sources */,
				6B194A9C2306FB040036E437 /* SearchCoordinator.swift in Sources */,
				6B194A942306F70E0036E437 /* MediaItem.swift in Sources */,
				6B1949F22306DD4A0036E437 /* AppDelegate.swift in Sources */,
				6B194A432306DF4C0036E437 /* APIClient.swift in Sources */,
			);
			runOnlyForDeploymentPostprocessing = 0;
		};
		6B194A012306DD4B0036E437 /* Sources */ = {
			isa = PBXSourcesBuildPhase;
			buildActionMask = 2147483647;
			files = (
				6B194A0A2306DD4B0036E437 /* iTunesSearchTests.swift in Sources */,
			);
			runOnlyForDeploymentPostprocessing = 0;
		};
		6B194A0C2306DD4C0036E437 /* Sources */ = {
			isa = PBXSourcesBuildPhase;
			buildActionMask = 2147483647;
			files = (
				6B194A152306DD4C0036E437 /* iTunesSearchUITests.swift in Sources */,
			);
			runOnlyForDeploymentPostprocessing = 0;
		};
/* End PBXSourcesBuildPhase section */

/* Begin PBXTargetDependency section */
		6B194A072306DD4B0036E437 /* PBXTargetDependency */ = {
			isa = PBXTargetDependency;
			target = 6B1949ED2306DD4A0036E437 /* iTunesSearch */;
			targetProxy = 6B194A062306DD4B0036E437 /* PBXContainerItemProxy */;
		};
		6B194A122306DD4C0036E437 /* PBXTargetDependency */ = {
			isa = PBXTargetDependency;
			target = 6B1949ED2306DD4A0036E437 /* iTunesSearch */;
			targetProxy = 6B194A112306DD4C0036E437 /* PBXContainerItemProxy */;
		};
/* End PBXTargetDependency section */

/* Begin PBXVariantGroup section */
		6B1949F52306DD4A0036E437 /* Main.storyboard */ = {
			isa = PBXVariantGroup;
			children = (
				6B1949F62306DD4A0036E437 /* Base */,
			);
			name = Main.storyboard;
			sourceTree = "<group>";
		};
		6B1949FD2306DD4B0036E437 /* LaunchScreen.storyboard */ = {
			isa = PBXVariantGroup;
			children = (
				6B1949FE2306DD4B0036E437 /* Base */,
			);
			name = LaunchScreen.storyboard;
			sourceTree = "<group>";
		};
/* End PBXVariantGroup section */

/* Begin XCBuildConfiguration section */
		6B194A172306DD4C0036E437 /* Debug */ = {
			isa = XCBuildConfiguration;
			buildSettings = {
				ALWAYS_SEARCH_USER_PATHS = NO;
				CLANG_ANALYZER_NONNULL = YES;
				CLANG_ANALYZER_NUMBER_OBJECT_CONVERSION = YES_AGGRESSIVE;
				CLANG_CXX_LANGUAGE_STANDARD = "gnu++14";
				CLANG_CXX_LIBRARY = "libc++";
				CLANG_ENABLE_MODULES = YES;
				CLANG_ENABLE_OBJC_ARC = YES;
				CLANG_ENABLE_OBJC_WEAK = YES;
				CLANG_WARN_BLOCK_CAPTURE_AUTORELEASING = YES;
				CLANG_WARN_BOOL_CONVERSION = YES;
				CLANG_WARN_COMMA = YES;
				CLANG_WARN_CONSTANT_CONVERSION = YES;
				CLANG_WARN_DEPRECATED_OBJC_IMPLEMENTATIONS = YES;
				CLANG_WARN_DIRECT_OBJC_ISA_USAGE = YES_ERROR;
				CLANG_WARN_DOCUMENTATION_COMMENTS = YES;
				CLANG_WARN_EMPTY_BODY = YES;
				CLANG_WARN_ENUM_CONVERSION = YES;
				CLANG_WARN_INFINITE_RECURSION = YES;
				CLANG_WARN_INT_CONVERSION = YES;
				CLANG_WARN_NON_LITERAL_NULL_CONVERSION = YES;
				CLANG_WARN_OBJC_IMPLICIT_RETAIN_SELF = YES;
				CLANG_WARN_OBJC_LITERAL_CONVERSION = YES;
				CLANG_WARN_OBJC_ROOT_CLASS = YES_ERROR;
				CLANG_WARN_RANGE_LOOP_ANALYSIS = YES;
				CLANG_WARN_STRICT_PROTOTYPES = YES;
				CLANG_WARN_SUSPICIOUS_MOVE = YES;
				CLANG_WARN_UNGUARDED_AVAILABILITY = YES_AGGRESSIVE;
				CLANG_WARN_UNREACHABLE_CODE = YES;
				CLANG_WARN__DUPLICATE_METHOD_MATCH = YES;
				CODE_SIGN_IDENTITY = "iPhone Developer";
				COPY_PHASE_STRIP = NO;
				DEBUG_INFORMATION_FORMAT = dwarf;
				ENABLE_STRICT_OBJC_MSGSEND = YES;
				ENABLE_TESTABILITY = YES;
				GCC_C_LANGUAGE_STANDARD = gnu11;
				GCC_DYNAMIC_NO_PIC = NO;
				GCC_NO_COMMON_BLOCKS = YES;
				GCC_OPTIMIZATION_LEVEL = 0;
				GCC_PREPROCESSOR_DEFINITIONS = (
					"DEBUG=1",
					"$(inherited)",
				);
				GCC_WARN_64_TO_32_BIT_CONVERSION = YES;
				GCC_WARN_ABOUT_RETURN_TYPE = YES_ERROR;
				GCC_WARN_UNDECLARED_SELECTOR = YES;
				GCC_WARN_UNINITIALIZED_AUTOS = YES_AGGRESSIVE;
				GCC_WARN_UNUSED_FUNCTION = YES;
				GCC_WARN_UNUSED_VARIABLE = YES;
				IPHONEOS_DEPLOYMENT_TARGET = 12.4;
				MTL_ENABLE_DEBUG_INFO = INCLUDE_SOURCE;
				MTL_FAST_MATH = YES;
				ONLY_ACTIVE_ARCH = YES;
				SDKROOT = iphoneos;
				SWIFT_ACTIVE_COMPILATION_CONDITIONS = DEBUG;
				SWIFT_OPTIMIZATION_LEVEL = "-Onone";
			};
			name = Debug;
		};
		6B194A182306DD4C0036E437 /* Release */ = {
			isa = XCBuildConfiguration;
			buildSettings = {
				ALWAYS_SEARCH_USER_PATHS = NO;
				CLANG_ANALYZER_NONNULL = YES;
				CLANG_ANALYZER_NUMBER_OBJECT_CONVERSION = YES_AGGRESSIVE;
				CLANG_CXX_LANGUAGE_STANDARD = "gnu++14";
				CLANG_CXX_LIBRARY = "libc++";
				CLANG_ENABLE_MODULES = YES;
				CLANG_ENABLE_OBJC_ARC = YES;
				CLANG_ENABLE_OBJC_WEAK = YES;
				CLANG_WARN_BLOCK_CAPTURE_AUTORELEASING = YES;
				CLANG_WARN_BOOL_CONVERSION = YES;
				CLANG_WARN_COMMA = YES;
				CLANG_WARN_CONSTANT_CONVERSION = YES;
				CLANG_WARN_DEPRECATED_OBJC_IMPLEMENTATIONS = YES;
				CLANG_WARN_DIRECT_OBJC_ISA_USAGE = YES_ERROR;
				CLANG_WARN_DOCUMENTATION_COMMENTS = YES;
				CLANG_WARN_EMPTY_BODY = YES;
				CLANG_WARN_ENUM_CONVERSION = YES;
				CLANG_WARN_INFINITE_RECURSION = YES;
				CLANG_WARN_INT_CONVERSION = YES;
				CLANG_WARN_NON_LITERAL_NULL_CONVERSION = YES;
				CLANG_WARN_OBJC_IMPLICIT_RETAIN_SELF = YES;
				CLANG_WARN_OBJC_LITERAL_CONVERSION = YES;
				CLANG_WARN_OBJC_ROOT_CLASS = YES_ERROR;
				CLANG_WARN_RANGE_LOOP_ANALYSIS = YES;
				CLANG_WARN_STRICT_PROTOTYPES = YES;
				CLANG_WARN_SUSPICIOUS_MOVE = YES;
				CLANG_WARN_UNGUARDED_AVAILABILITY = YES_AGGRESSIVE;
				CLANG_WARN_UNREACHABLE_CODE = YES;
				CLANG_WARN__DUPLICATE_METHOD_MATCH = YES;
				CODE_SIGN_IDENTITY = "iPhone Developer";
				COPY_PHASE_STRIP = NO;
				DEBUG_INFORMATION_FORMAT = "dwarf-with-dsym";
				ENABLE_NS_ASSERTIONS = NO;
				ENABLE_STRICT_OBJC_MSGSEND = YES;
				GCC_C_LANGUAGE_STANDARD = gnu11;
				GCC_NO_COMMON_BLOCKS = YES;
				GCC_WARN_64_TO_32_BIT_CONVERSION = YES;
				GCC_WARN_ABOUT_RETURN_TYPE = YES_ERROR;
				GCC_WARN_UNDECLARED_SELECTOR = YES;
				GCC_WARN_UNINITIALIZED_AUTOS = YES_AGGRESSIVE;
				GCC_WARN_UNUSED_FUNCTION = YES;
				GCC_WARN_UNUSED_VARIABLE = YES;
				IPHONEOS_DEPLOYMENT_TARGET = 12.4;
				MTL_ENABLE_DEBUG_INFO = NO;
				MTL_FAST_MATH = YES;
				SDKROOT = iphoneos;
				SWIFT_COMPILATION_MODE = wholemodule;
				SWIFT_OPTIMIZATION_LEVEL = "-O";
				VALIDATE_PRODUCT = YES;
			};
			name = Release;
		};
		6B194A1A2306DD4C0036E437 /* Debug */ = {
			isa = XCBuildConfiguration;
			buildSettings = {
				ASSETCATALOG_COMPILER_APPICON_NAME = AppIcon;
				CODE_SIGN_STYLE = Automatic;
				FRAMEWORK_SEARCH_PATHS = (
					"$(inherited)",
					"$(PROJECT_DIR)/Carthage/Build/iOS",
				);
				INFOPLIST_FILE = iTunesSearch/Info.plist;
				LD_RUNPATH_SEARCH_PATHS = (
					"$(inherited)",
					"@executable_path/Frameworks",
				);
				PRODUCT_BUNDLE_IDENTIFIER = com.iTunesSearch;
				PRODUCT_NAME = "$(TARGET_NAME)";
				SWIFT_VERSION = 5.0;
				TARGETED_DEVICE_FAMILY = "1,2";
			};
			name = Debug;
		};
		6B194A1B2306DD4C0036E437 /* Release */ = {
			isa = XCBuildConfiguration;
			buildSettings = {
				ASSETCATALOG_COMPILER_APPICON_NAME = AppIcon;
				CODE_SIGN_STYLE = Automatic;
				FRAMEWORK_SEARCH_PATHS = (
					"$(inherited)",
					"$(PROJECT_DIR)/Carthage/Build/iOS",
				);
				INFOPLIST_FILE = iTunesSearch/Info.plist;
				LD_RUNPATH_SEARCH_PATHS = (
					"$(inherited)",
					"@executable_path/Frameworks",
				);
				PRODUCT_BUNDLE_IDENTIFIER = com.iTunesSearch;
				PRODUCT_NAME = "$(TARGET_NAME)";
				SWIFT_VERSION = 5.0;
				TARGETED_DEVICE_FAMILY = "1,2";
			};
			name = Release;
		};
		6B194A1D2306DD4C0036E437 /* Debug */ = {
			isa = XCBuildConfiguration;
			buildSettings = {
				ALWAYS_EMBED_SWIFT_STANDARD_LIBRARIES = YES;
				BUNDLE_LOADER = "$(TEST_HOST)";
				CODE_SIGN_STYLE = Automatic;
				INFOPLIST_FILE = iTunesSearchTests/Info.plist;
				LD_RUNPATH_SEARCH_PATHS = (
					"$(inherited)",
					"@executable_path/Frameworks",
					"@loader_path/Frameworks",
				);
				PRODUCT_BUNDLE_IDENTIFIER = com.iTunesSearchTests;
				PRODUCT_NAME = "$(TARGET_NAME)";
				SWIFT_VERSION = 5.0;
				TARGETED_DEVICE_FAMILY = "1,2";
				TEST_HOST = "$(BUILT_PRODUCTS_DIR)/iTunesSearch.app/iTunesSearch";
			};
			name = Debug;
		};
		6B194A1E2306DD4C0036E437 /* Release */ = {
			isa = XCBuildConfiguration;
			buildSettings = {
				ALWAYS_EMBED_SWIFT_STANDARD_LIBRARIES = YES;
				BUNDLE_LOADER = "$(TEST_HOST)";
				CODE_SIGN_STYLE = Automatic;
				INFOPLIST_FILE = iTunesSearchTests/Info.plist;
				LD_RUNPATH_SEARCH_PATHS = (
					"$(inherited)",
					"@executable_path/Frameworks",
					"@loader_path/Frameworks",
				);
				PRODUCT_BUNDLE_IDENTIFIER = com.iTunesSearchTests;
				PRODUCT_NAME = "$(TARGET_NAME)";
				SWIFT_VERSION = 5.0;
				TARGETED_DEVICE_FAMILY = "1,2";
				TEST_HOST = "$(BUILT_PRODUCTS_DIR)/iTunesSearch.app/iTunesSearch";
			};
			name = Release;
		};
		6B194A202306DD4C0036E437 /* Debug */ = {
			isa = XCBuildConfiguration;
			buildSettings = {
				ALWAYS_EMBED_SWIFT_STANDARD_LIBRARIES = YES;
				CODE_SIGN_STYLE = Automatic;
				INFOPLIST_FILE = iTunesSearchUITests/Info.plist;
				LD_RUNPATH_SEARCH_PATHS = (
					"$(inherited)",
					"@executable_path/Frameworks",
					"@loader_path/Frameworks",
				);
				PRODUCT_BUNDLE_IDENTIFIER = com.iTunesSearchUITests;
				PRODUCT_NAME = "$(TARGET_NAME)";
				SWIFT_VERSION = 5.0;
				TARGETED_DEVICE_FAMILY = "1,2";
				TEST_TARGET_NAME = iTunesSearch;
			};
			name = Debug;
		};
		6B194A212306DD4C0036E437 /* Release */ = {
			isa = XCBuildConfiguration;
			buildSettings = {
				ALWAYS_EMBED_SWIFT_STANDARD_LIBRARIES = YES;
				CODE_SIGN_STYLE = Automatic;
				INFOPLIST_FILE = iTunesSearchUITests/Info.plist;
				LD_RUNPATH_SEARCH_PATHS = (
					"$(inherited)",
					"@executable_path/Frameworks",
					"@loader_path/Frameworks",
				);
				PRODUCT_BUNDLE_IDENTIFIER = com.iTunesSearchUITests;
				PRODUCT_NAME = "$(TARGET_NAME)";
				SWIFT_VERSION = 5.0;
				TARGETED_DEVICE_FAMILY = "1,2";
				TEST_TARGET_NAME = iTunesSearch;
			};
			name = Release;
		};
/* End XCBuildConfiguration section */

/* Begin XCConfigurationList section */
		6B1949E92306DD4A0036E437 /* Build configuration list for PBXProject "iTunesSearch" */ = {
			isa = XCConfigurationList;
			buildConfigurations = (
				6B194A172306DD4C0036E437 /* Debug */,
				6B194A182306DD4C0036E437 /* Release */,
			);
			defaultConfigurationIsVisible = 0;
			defaultConfigurationName = Release;
		};
		6B194A192306DD4C0036E437 /* Build configuration list for PBXNativeTarget "iTunesSearch" */ = {
			isa = XCConfigurationList;
			buildConfigurations = (
				6B194A1A2306DD4C0036E437 /* Debug */,
				6B194A1B2306DD4C0036E437 /* Release */,
			);
			defaultConfigurationIsVisible = 0;
			defaultConfigurationName = Release;
		};
		6B194A1C2306DD4C0036E437 /* Build configuration list for PBXNativeTarget "iTunesSearchTests" */ = {
			isa = XCConfigurationList;
			buildConfigurations = (
				6B194A1D2306DD4C0036E437 /* Debug */,
				6B194A1E2306DD4C0036E437 /* Release */,
			);
			defaultConfigurationIsVisible = 0;
			defaultConfigurationName = Release;
		};
		6B194A1F2306DD4C0036E437 /* Build configuration list for PBXNativeTarget "iTunesSearchUITests" */ = {
			isa = XCConfigurationList;
			buildConfigurations = (
				6B194A202306DD4C0036E437 /* Debug */,
				6B194A212306DD4C0036E437 /* Release */,
			);
			defaultConfigurationIsVisible = 0;
			defaultConfigurationName = Release;
		};
/* End XCConfigurationList section */

/* Begin XCVersionGroup section */
		6B1949F82306DD4A0036E437 /* iTunesSearch.xcdatamodeld */ = {
			isa = XCVersionGroup;
			children = (
				6B1949F92306DD4A0036E437 /* iTunesSearch.xcdatamodel */,
			);
			currentVersion = 6B1949F92306DD4A0036E437 /* iTunesSearch.xcdatamodel */;
			path = iTunesSearch.xcdatamodeld;
			sourceTree = "<group>";
			versionGroupType = wrapper.xcdatamodel;
		};
/* End XCVersionGroup section */
	};
	rootObject = 6B1949E62306DD4A0036E437 /* Project object */;
}
